// !$*UTF8*$!
{
	archiveVersion = 1;
	classes = {
	};
	objectVersion = 50;
	objects = {

/* Begin PBXBuildFile section */
		19A20D522419E0FD00006777 /* AppDelegate.m in Sources */ = {isa = PBXBuildFile; fileRef = 19A20D512419E0FD00006777 /* AppDelegate.m */; };
		19A20D552419E0FD00006777 /* SceneDelegate.m in Sources */ = {isa = PBXBuildFile; fileRef = 19A20D542419E0FD00006777 /* SceneDelegate.m */; };
		19A20D582419E0FD00006777 /* ViewController.m in Sources */ = {isa = PBXBuildFile; fileRef = 19A20D572419E0FD00006777 /* ViewController.m */; };
		19A20D5B2419E0FD00006777 /* Main.storyboard in Resources */ = {isa = PBXBuildFile; fileRef = 19A20D592419E0FD00006777 /* Main.storyboard */; };
		19A20D5D2419E0FF00006777 /* Assets.xcassets in Resources */ = {isa = PBXBuildFile; fileRef = 19A20D5C2419E0FF00006777 /* Assets.xcassets */; };
		19A20D602419E0FF00006777 /* LaunchScreen.storyboard in Resources */ = {isa = PBXBuildFile; fileRef = 19A20D5E2419E0FF00006777 /* LaunchScreen.storyboard */; };
		19A20D632419E0FF00006777 /* main.m in Sources */ = {isa = PBXBuildFile; fileRef = 19A20D622419E0FF00006777 /* main.m */; };
		19A20D6D2419E0FF00006777 /* XXXRunLabDemoTests.m in Sources */ = {isa = PBXBuildFile; fileRef = 19A20D6C2419E0FF00006777 /* XXXRunLabDemoTests.m */; };
		19A20D782419E0FF00006777 /* XXXRunLabDemoUITests.m in Sources */ = {isa = PBXBuildFile; fileRef = 19A20D772419E0FF00006777 /* XXXRunLabDemoUITests.m */; };
		19A20D872419E10D00006777 /* XXXRunLab.m in Sources */ = {isa = PBXBuildFile; fileRef = 19A20D862419E10D00006777 /* XXXRunLab.m */; };
/* End PBXBuildFile section */

/* Begin PBXContainerItemProxy section */
		19A20D692419E0FF00006777 /* PBXContainerItemProxy */ = {
			isa = PBXContainerItemProxy;
			containerPortal = 19A20D452419E0FD00006777 /* Project object */;
			proxyType = 1;
			remoteGlobalIDString = 19A20D4C2419E0FD00006777;
			remoteInfo = XXXRunLabDemo;
		};
		19A20D742419E0FF00006777 /* PBXContainerItemProxy */ = {
			isa = PBXContainerItemProxy;
			containerPortal = 19A20D452419E0FD00006777 /* Project object */;
			proxyType = 1;
			remoteGlobalIDString = 19A20D4C2419E0FD00006777;
			remoteInfo = XXXRunLabDemo;
		};
/* End PBXContainerItemProxy section */

/* Begin PBXFileReference section */
		19A20D4D2419E0FD00006777 /* XXXRunLabDemo.app */ = {isa = PBXFileReference; explicitFileType = wrapper.application; includeInIndex = 0; path = XXXRunLabDemo.app; sourceTree = BUILT_PRODUCTS_DIR; };
		19A20D502419E0FD00006777 /* AppDelegate.h */ = {isa = PBXFileReference; lastKnownFileType = sourcecode.c.h; path = AppDelegate.h; sourceTree = "<group>"; };
		19A20D512419E0FD00006777 /* AppDelegate.m */ = {isa = PBXFileReference; lastKnownFileType = sourcecode.c.objc; path = AppDelegate.m; sourceTree = "<group>"; };
		19A20D532419E0FD00006777 /* SceneDelegate.h */ = {isa = PBXFileReference; lastKnownFileType = sourcecode.c.h; path = SceneDelegate.h; sourceTree = "<group>"; };
		19A20D542419E0FD00006777 /* SceneDelegate.m */ = {isa = PBXFileReference; lastKnownFileType = sourcecode.c.objc; path = SceneDelegate.m; sourceTree = "<group>"; };
		19A20D562419E0FD00006777 /* ViewController.h */ = {isa = PBXFileReference; lastKnownFileType = sourcecode.c.h; path = ViewController.h; sourceTree = "<group>"; };
		19A20D572419E0FD00006777 /* ViewController.m */ = {isa = PBXFileReference; lastKnownFileType = sourcecode.c.objc; path = ViewController.m; sourceTree = "<group>"; };
		19A20D5A2419E0FD00006777 /* Base */ = {isa = PBXFileReference; lastKnownFileType = file.storyboard; name = Base; path = Base.lproj/Main.storyboard; sourceTree = "<group>"; };
		19A20D5C2419E0FF00006777 /* Assets.xcassets */ = {isa = PBXFileReference; lastKnownFileType = folder.assetcatalog; path = Assets.xcassets; sourceTree = "<group>"; };
		19A20D5F2419E0FF00006777 /* Base */ = {isa = PBXFileReference; lastKnownFileType = file.storyboard; name = Base; path = Base.lproj/LaunchScreen.storyboard; sourceTree = "<group>"; };
		19A20D612419E0FF00006777 /* Info.plist */ = {isa = PBXFileReference; lastKnownFileType = text.plist.xml; path = Info.plist; sourceTree = "<group>"; };
		19A20D622419E0FF00006777 /* main.m */ = {isa = PBXFileReference; lastKnownFileType = sourcecode.c.objc; path = main.m; sourceTree = "<group>"; };
		19A20D682419E0FF00006777 /* XXXRunLabDemoTests.xctest */ = {isa = PBXFileReference; explicitFileType = wrapper.cfbundle; includeInIndex = 0; path = XXXRunLabDemoTests.xctest; sourceTree = BUILT_PRODUCTS_DIR; };
		19A20D6C2419E0FF00006777 /* XXXRunLabDemoTests.m */ = {isa = PBXFileReference; lastKnownFileType = sourcecode.c.objc; path = XXXRunLabDemoTests.m; sourceTree = "<group>"; };
		19A20D6E2419E0FF00006777 /* Info.plist */ = {isa = PBXFileReference; lastKnownFileType = text.plist.xml; path = Info.plist; sourceTree = "<group>"; };
		19A20D732419E0FF00006777 /* XXXRunLabDemoUITests.xctest */ = {isa = PBXFileReference; explicitFileType = wrapper.cfbundle; includeInIndex = 0; path = XXXRunLabDemoUITests.xctest; sourceTree = BUILT_PRODUCTS_DIR; };
		19A20D772419E0FF00006777 /* XXXRunLabDemoUITests.m */ = {isa = PBXFileReference; lastKnownFileType = sourcecode.c.objc; path = XXXRunLabDemoUITests.m; sourceTree = "<group>"; };
		19A20D792419E0FF00006777 /* Info.plist */ = {isa = PBXFileReference; lastKnownFileType = text.plist.xml; path = Info.plist; sourceTree = "<group>"; };
		19A20D852419E10D00006777 /* XXXRunLab.h */ = {isa = PBXFileReference; fileEncoding = 4; lastKnownFileType = sourcecode.c.h; path = XXXRunLab.h; sourceTree = "<group>"; };
		19A20D862419E10D00006777 /* XXXRunLab.m */ = {isa = PBXFileReference; fileEncoding = 4; lastKnownFileType = sourcecode.c.objc; path = XXXRunLab.m; sourceTree = "<group>"; };
/* End PBXFileReference section */

/* Begin PBXFrameworksBuildPhase section */
		19A20D4A2419E0FD00006777 /* Frameworks */ = {
			isa = PBXFrameworksBuildPhase;
			buildActionMask = 2147483647;
			files = (
			);
			runOnlyForDeploymentPostprocessing = 0;
		};
		19A20D652419E0FF00006777 /* Frameworks */ = {
			isa = PBXFrameworksBuildPhase;
			buildActionMask = 2147483647;
			files = (
			);
			runOnlyForDeploymentPostprocessing = 0;
		};
		19A20D702419E0FF00006777 /* Frameworks */ = {
			isa = PBXFrameworksBuildPhase;
			buildActionMask = 2147483647;
			files = (
			);
			runOnlyForDeploymentPostprocessing = 0;
		};
/* End PBXFrameworksBuildPhase section */

/* Begin PBXGroup section */
		19A20D442419E0FD00006777 = {
			isa = PBXGroup;
			children = (
				19A20D4F2419E0FD00006777 /* XXXRunLabDemo */,
				19A20D6B2419E0FF00006777 /* XXXRunLabDemoTests */,
				19A20D762419E0FF00006777 /* XXXRunLabDemoUITests */,
				19A20D4E2419E0FD00006777 /* Products */,
			);
			sourceTree = "<group>";
		};
		19A20D4E2419E0FD00006777 /* Products */ = {
			isa = PBXGroup;
			children = (
				19A20D4D2419E0FD00006777 /* XXXRunLabDemo.app */,
				19A20D682419E0FF00006777 /* XXXRunLabDemoTests.xctest */,
				19A20D732419E0FF00006777 /* XXXRunLabDemoUITests.xctest */,
			);
			name = Products;
			sourceTree = "<group>";
		};
		19A20D4F2419E0FD00006777 /* XXXRunLabDemo */ = {
			isa = PBXGroup;
			children = (
				19A20D882419E15A00006777 /* XXXRunLabSource */,
				19A20D502419E0FD00006777 /* AppDelegate.h */,
				19A20D512419E0FD00006777 /* AppDelegate.m */,
				19A20D532419E0FD00006777 /* SceneDelegate.h */,
				19A20D542419E0FD00006777 /* SceneDelegate.m */,
				19A20D562419E0FD00006777 /* ViewController.h */,
				19A20D572419E0FD00006777 /* ViewController.m */,
				19A20D592419E0FD00006777 /* Main.storyboard */,
				19A20D5C2419E0FF00006777 /* Assets.xcassets */,
				19A20D5E2419E0FF00006777 /* LaunchScreen.storyboard */,
				19A20D612419E0FF00006777 /* Info.plist */,
				19A20D622419E0FF00006777 /* main.m */,
			);
			path = XXXRunLabDemo;
			sourceTree = "<group>";
		};
		19A20D6B2419E0FF00006777 /* XXXRunLabDemoTests */ = {
			isa = PBXGroup;
			children = (
				19A20D6C2419E0FF00006777 /* XXXRunLabDemoTests.m */,
				19A20D6E2419E0FF00006777 /* Info.plist */,
			);
			path = XXXRunLabDemoTests;
			sourceTree = "<group>";
		};
		19A20D762419E0FF00006777 /* XXXRunLabDemoUITests */ = {
			isa = PBXGroup;
			children = (
				19A20D772419E0FF00006777 /* XXXRunLabDemoUITests.m */,
				19A20D792419E0FF00006777 /* Info.plist */,
			);
			path = XXXRunLabDemoUITests;
			sourceTree = "<group>";
		};
		19A20D882419E15A00006777 /* XXXRunLabSource */ = {
			isa = PBXGroup;
			children = (
				19A20D852419E10D00006777 /* XXXRunLab.h */,
				19A20D862419E10D00006777 /* XXXRunLab.m */,
			);
			path = XXXRunLabSource;
			sourceTree = "<group>";
		};
/* End PBXGroup section */

/* Begin PBXNativeTarget section */
		19A20D4C2419E0FD00006777 /* XXXRunLabDemo */ = {
			isa = PBXNativeTarget;
			buildConfigurationList = 19A20D7C2419E0FF00006777 /* Build configuration list for PBXNativeTarget "XXXRunLabDemo" */;
			buildPhases = (
				19A20D492419E0FD00006777 /* Sources */,
				19A20D4A2419E0FD00006777 /* Frameworks */,
				19A20D4B2419E0FD00006777 /* Resources */,
			);
			buildRules = (
			);
			dependencies = (
			);
			name = XXXRunLabDemo;
			productName = XXXRunLabDemo;
			productReference = 19A20D4D2419E0FD00006777 /* XXXRunLabDemo.app */;
			productType = "com.apple.product-type.application";
		};
		19A20D672419E0FF00006777 /* XXXRunLabDemoTests */ = {
			isa = PBXNativeTarget;
			buildConfigurationList = 19A20D7F2419E0FF00006777 /* Build configuration list for PBXNativeTarget "XXXRunLabDemoTests" */;
			buildPhases = (
				19A20D642419E0FF00006777 /* Sources */,
				19A20D652419E0FF00006777 /* Frameworks */,
				19A20D662419E0FF00006777 /* Resources */,
			);
			buildRules = (
			);
			dependencies = (
				19A20D6A2419E0FF00006777 /* PBXTargetDependency */,
			);
			name = XXXRunLabDemoTests;
			productName = XXXRunLabDemoTests;
			productReference = 19A20D682419E0FF00006777 /* XXXRunLabDemoTests.xctest */;
			productType = "com.apple.product-type.bundle.unit-test";
		};
		19A20D722419E0FF00006777 /* XXXRunLabDemoUITests */ = {
			isa = PBXNativeTarget;
			buildConfigurationList = 19A20D822419E0FF00006777 /* Build configuration list for PBXNativeTarget "XXXRunLabDemoUITests" */;
			buildPhases = (
				19A20D6F2419E0FF00006777 /* Sources */,
				19A20D702419E0FF00006777 /* Frameworks */,
				19A20D712419E0FF00006777 /* Resources */,
			);
			buildRules = (
			);
			dependencies = (
				19A20D752419E0FF00006777 /* PBXTargetDependency */,
			);
			name = XXXRunLabDemoUITests;
			productName = XXXRunLabDemoUITests;
			productReference = 19A20D732419E0FF00006777 /* XXXRunLabDemoUITests.xctest */;
			productType = "com.apple.product-type.bundle.ui-testing";
		};
/* End PBXNativeTarget section */

/* Begin PBXProject section */
		19A20D452419E0FD00006777 /* Project object */ = {
			isa = PBXProject;
			attributes = {
				LastUpgradeCheck = 1130;
				ORGANIZATIONNAME = Z;
				TargetAttributes = {
					19A20D4C2419E0FD00006777 = {
						CreatedOnToolsVersion = 11.3.1;
					};
					19A20D672419E0FF00006777 = {
						CreatedOnToolsVersion = 11.3.1;
						TestTargetID = 19A20D4C2419E0FD00006777;
					};
					19A20D722419E0FF00006777 = {
						CreatedOnToolsVersion = 11.3.1;
						TestTargetID = 19A20D4C2419E0FD00006777;
					};
				};
			};
			buildConfigurationList = 19A20D482419E0FD00006777 /* Build configuration list for PBXProject "XXXRunLabDemo" */;
			compatibilityVersion = "Xcode 9.3";
			developmentRegion = en;
			hasScannedForEncodings = 0;
			knownRegions = (
				en,
				Base,
			);
			mainGroup = 19A20D442419E0FD00006777;
			productRefGroup = 19A20D4E2419E0FD00006777 /* Products */;
			projectDirPath = "";
			projectRoot = "";
			targets = (
				19A20D4C2419E0FD00006777 /* XXXRunLabDemo */,
				19A20D672419E0FF00006777 /* XXXRunLabDemoTests */,
				19A20D722419E0FF00006777 /* XXXRunLabDemoUITests */,
			);
		};
/* End PBXProject section */

/* Begin PBXResourcesBuildPhase section */
		19A20D4B2419E0FD00006777 /* Resources */ = {
			isa = PBXResourcesBuildPhase;
			buildActionMask = 2147483647;
			files = (
				19A20D602419E0FF00006777 /* LaunchScreen.storyboard in Resources */,
				19A20D5D2419E0FF00006777 /* Assets.xcassets in Resources */,
				19A20D5B2419E0FD00006777 /* Main.storyboard in Resources */,
			);
			runOnlyForDeploymentPostprocessing = 0;
		};
		19A20D662419E0FF00006777 /* Resources */ = {
			isa = PBXResourcesBuildPhase;
			buildActionMask = 2147483647;
			files = (
			);
			runOnlyForDeploymentPostprocessing = 0;
		};
		19A20D712419E0FF00006777 /* Resources */ = {
			isa = PBXResourcesBuildPhase;
			buildActionMask = 2147483647;
			files = (
			);
			runOnlyForDeploymentPostprocessing = 0;
		};
/* End PBXResourcesBuildPhase section */

/* Begin PBXSourcesBuildPhase section */
		19A20D492419E0FD00006777 /* Sources */ = {
			isa = PBXSourcesBuildPhase;
			buildActionMask = 2147483647;
			files = (
				19A20D582419E0FD00006777 /* ViewController.m in Sources */,
				19A20D522419E0FD00006777 /* AppDelegate.m in Sources */,
				19A20D632419E0FF00006777 /* main.m in Sources */,
				19A20D872419E10D00006777 /* XXXRunLab.m in Sources */,
				19A20D552419E0FD00006777 /* SceneDelegate.m in Sources */,
			);
			runOnlyForDeploymentPostprocessing = 0;
		};
		19A20D642419E0FF00006777 /* Sources */ = {
			isa = PBXSourcesBuildPhase;
			buildActionMask = 2147483647;
			files = (
				19A20D6D2419E0FF00006777 /* XXXRunLabDemoTests.m in Sources */,
			);
			runOnlyForDeploymentPostprocessing = 0;
		};
		19A20D6F2419E0FF00006777 /* Sources */ = {
			isa = PBXSourcesBuildPhase;
			buildActionMask = 2147483647;
			files = (
				19A20D782419E0FF00006777 /* XXXRunLabDemoUITests.m in Sources */,
			);
			runOnlyForDeploymentPostprocessing = 0;
		};
/* End PBXSourcesBuildPhase section */

/* Begin PBXTargetDependency section */
		19A20D6A2419E0FF00006777 /* PBXTargetDependency */ = {
			isa = PBXTargetDependency;
			target = 19A20D4C2419E0FD00006777 /* XXXRunLabDemo */;
			targetProxy = 19A20D692419E0FF00006777 /* PBXContainerItemProxy */;
		};
		19A20D752419E0FF00006777 /* PBXTargetDependency */ = {
			isa = PBXTargetDependency;
			target = 19A20D4C2419E0FD00006777 /* XXXRunLabDemo */;
			targetProxy = 19A20D742419E0FF00006777 /* PBXContainerItemProxy */;
		};
/* End PBXTargetDependency section */

/* Begin PBXVariantGroup section */
		19A20D592419E0FD00006777 /* Main.storyboard */ = {
			isa = PBXVariantGroup;
			children = (
				19A20D5A2419E0FD00006777 /* Base */,
			);
			name = Main.storyboard;
			sourceTree = "<group>";
		};
		19A20D5E2419E0FF00006777 /* LaunchScreen.storyboard */ = {
			isa = PBXVariantGroup;
			children = (
				19A20D5F2419E0FF00006777 /* Base */,
			);
			name = LaunchScreen.storyboard;
			sourceTree = "<group>";
		};
/* End PBXVariantGroup section */

/* Begin XCBuildConfiguration section */
		19A20D7A2419E0FF00006777 /* Debug */ = {
			isa = XCBuildConfiguration;
			buildSettings = {
				ALWAYS_SEARCH_USER_PATHS = NO;
				CLANG_ANALYZER_NONNULL = YES;
				CLANG_ANALYZER_NUMBER_OBJECT_CONVERSION = YES_AGGRESSIVE;
				CLANG_CXX_LANGUAGE_STANDARD = "gnu++14";
				CLANG_CXX_LIBRARY = "libc++";
				CLANG_ENABLE_MODULES = YES;
				CLANG_ENABLE_OBJC_ARC = YES;
				CLANG_ENABLE_OBJC_WEAK = YES;
				CLANG_WARN_BLOCK_CAPTURE_AUTORELEASING = YES;
				CLANG_WARN_BOOL_CONVERSION = YES;
				CLANG_WARN_COMMA = YES;
				CLANG_WARN_CONSTANT_CONVERSION = YES;
				CLANG_WARN_DEPRECATED_OBJC_IMPLEMENTATIONS = YES;
				CLANG_WARN_DIRECT_OBJC_ISA_USAGE = YES_ERROR;
				CLANG_WARN_DOCUMENTATION_COMMENTS = YES;
				CLANG_WARN_EMPTY_BODY = YES;
				CLANG_WARN_ENUM_CONVERSION = YES;
				CLANG_WARN_INFINITE_RECURSION = YES;
				CLANG_WARN_INT_CONVERSION = YES;
				CLANG_WARN_NON_LITERAL_NULL_CONVERSION = YES;
				CLANG_WARN_OBJC_IMPLICIT_RETAIN_SELF = YES;
				CLANG_WARN_OBJC_LITERAL_CONVERSION = YES;
				CLANG_WARN_OBJC_ROOT_CLASS = YES_ERROR;
				CLANG_WARN_RANGE_LOOP_ANALYSIS = YES;
				CLANG_WARN_STRICT_PROTOTYPES = YES;
				CLANG_WARN_SUSPICIOUS_MOVE = YES;
				CLANG_WARN_UNGUARDED_AVAILABILITY = YES_AGGRESSIVE;
				CLANG_WARN_UNREACHABLE_CODE = YES;
				CLANG_WARN__DUPLICATE_METHOD_MATCH = YES;
				COPY_PHASE_STRIP = NO;
				DEBUG_INFORMATION_FORMAT = dwarf;
				ENABLE_STRICT_OBJC_MSGSEND = YES;
				ENABLE_TESTABILITY = YES;
				GCC_C_LANGUAGE_STANDARD = gnu11;
				GCC_DYNAMIC_NO_PIC = NO;
				GCC_NO_COMMON_BLOCKS = YES;
				GCC_OPTIMIZATION_LEVEL = 0;
				GCC_PREPROCESSOR_DEFINITIONS = (
					"DEBUG=1",
					"$(inherited)",
				);
				GCC_WARN_64_TO_32_BIT_CONVERSION = YES;
				GCC_WARN_ABOUT_RETURN_TYPE = YES_ERROR;
				GCC_WARN_UNDECLARED_SELECTOR = YES;
				GCC_WARN_UNINITIALIZED_AUTOS = YES_AGGRESSIVE;
				GCC_WARN_UNUSED_FUNCTION = YES;
				GCC_WARN_UNUSED_VARIABLE = YES;
				IPHONEOS_DEPLOYMENT_TARGET = 13.2;
				MTL_ENABLE_DEBUG_INFO = INCLUDE_SOURCE;
				MTL_FAST_MATH = YES;
				ONLY_ACTIVE_ARCH = YES;
				SDKROOT = iphoneos;
			};
			name = Debug;
		};
		19A20D7B2419E0FF00006777 /* Release */ = {
			isa = XCBuildConfiguration;
			buildSettings = {
				ALWAYS_SEARCH_USER_PATHS = NO;
				CLANG_ANALYZER_NONNULL = YES;
				CLANG_ANALYZER_NUMBER_OBJECT_CONVERSION = YES_AGGRESSIVE;
				CLANG_CXX_LANGUAGE_STANDARD = "gnu++14";
				CLANG_CXX_LIBRARY = "libc++";
				CLANG_ENABLE_MODULES = YES;
				CLANG_ENABLE_OBJC_ARC = YES;
				CLANG_ENABLE_OBJC_WEAK = YES;
				CLANG_WARN_BLOCK_CAPTURE_AUTORELEASING = YES;
				CLANG_WARN_BOOL_CONVERSION = YES;
				CLANG_WARN_COMMA = YES;
				CLANG_WARN_CONSTANT_CONVERSION = YES;
				CLANG_WARN_DEPRECATED_OBJC_IMPLEMENTATIONS = YES;
				CLANG_WARN_DIRECT_OBJC_ISA_USAGE = YES_ERROR;
				CLANG_WARN_DOCUMENTATION_COMMENTS = YES;
				CLANG_WARN_EMPTY_BODY = YES;
				CLANG_WARN_ENUM_CONVERSION = YES;
				CLANG_WARN_INFINITE_RECURSION = YES;
				CLANG_WARN_INT_CONVERSION = YES;
				CLANG_WARN_NON_LITERAL_NULL_CONVERSION = YES;
				CLANG_WARN_OBJC_IMPLICIT_RETAIN_SELF = YES;
				CLANG_WARN_OBJC_LITERAL_CONVERSION = YES;
				CLANG_WARN_OBJC_ROOT_CLASS = YES_ERROR;
				CLANG_WARN_RANGE_LOOP_ANALYSIS = YES;
				CLANG_WARN_STRICT_PROTOTYPES = YES;
				CLANG_WARN_SUSPICIOUS_MOVE = YES;
				CLANG_WARN_UNGUARDED_AVAILABILITY = YES_AGGRESSIVE;
				CLANG_WARN_UNREACHABLE_CODE = YES;
				CLANG_WARN__DUPLICATE_METHOD_MATCH = YES;
				COPY_PHASE_STRIP = NO;
				DEBUG_INFORMATION_FORMAT = "dwarf-with-dsym";
				ENABLE_NS_ASSERTIONS = NO;
				ENABLE_STRICT_OBJC_MSGSEND = YES;
				GCC_C_LANGUAGE_STANDARD = gnu11;
				GCC_NO_COMMON_BLOCKS = YES;
				GCC_WARN_64_TO_32_BIT_CONVERSION = YES;
				GCC_WARN_ABOUT_RETURN_TYPE = YES_ERROR;
				GCC_WARN_UNDECLARED_SELECTOR = YES;
				GCC_WARN_UNINITIALIZED_AUTOS = YES_AGGRESSIVE;
				GCC_WARN_UNUSED_FUNCTION = YES;
				GCC_WARN_UNUSED_VARIABLE = YES;
				IPHONEOS_DEPLOYMENT_TARGET = 13.2;
				MTL_ENABLE_DEBUG_INFO = NO;
				MTL_FAST_MATH = YES;
				SDKROOT = iphoneos;
				VALIDATE_PRODUCT = YES;
			};
			name = Release;
		};
		19A20D7D2419E0FF00006777 /* Debug */ = {
			isa = XCBuildConfiguration;
			buildSettings = {
				ASSETCATALOG_COMPILER_APPICON_NAME = AppIcon;
				CODE_SIGN_STYLE = Automatic;
				INFOPLIST_FILE = XXXRunLabDemo/Info.plist;
				LD_RUNPATH_SEARCH_PATHS = (
					"$(inherited)",
					"@executable_path/Frameworks",
				);
				PRODUCT_BUNDLE_IDENTIFIER = yf.XXXRunLabDemo;
				PRODUCT_NAME = "$(TARGET_NAME)";
				TARGETED_DEVICE_FAMILY = "1,2";
			};
			name = Debug;
		};
		19A20D7E2419E0FF00006777 /* Release */ = {
			isa = XCBuildConfiguration;
			buildSettings = {
				ASSETCATALOG_COMPILER_APPICON_NAME = AppIcon;
				CODE_SIGN_STYLE = Automatic;
				INFOPLIST_FILE = XXXRunLabDemo/Info.plist;
				LD_RUNPATH_SEARCH_PATHS = (
					"$(inherited)",
					"@executable_path/Frameworks",
				);
				PRODUCT_BUNDLE_IDENTIFIER = yf.XXXRunLabDemo;
				PRODUCT_NAME = "$(TARGET_NAME)";
				TARGETED_DEVICE_FAMILY = "1,2";
			};
			name = Release;
		};
		19A20D802419E0FF00006777 /* Debug */ = {
			isa = XCBuildConfiguration;
			buildSettings = {
				BUNDLE_LOADER = "$(TEST_HOST)";
				CODE_SIGN_STYLE = Automatic;
				INFOPLIST_FILE = XXXRunLabDemoTests/Info.plist;
				IPHONEOS_DEPLOYMENT_TARGET = 13.2;
				LD_RUNPATH_SEARCH_PATHS = (
					"$(inherited)",
					"@executable_path/Frameworks",
					"@loader_path/Frameworks",
				);
				PRODUCT_BUNDLE_IDENTIFIER = yf.XXXRunLabDemoTests;
				PRODUCT_NAME = "$(TARGET_NAME)";
				TARGETED_DEVICE_FAMILY = "1,2";
				TEST_HOST = "$(BUILT_PRODUCTS_DIR)/XXXRunLabDemo.app/XXXRunLabDemo";
			};
			name = Debug;
		};
		19A20D812419E0FF00006777 /* Release */ = {
			isa = XCBuildConfiguration;
			buildSettings = {
				BUNDLE_LOADER = "$(TEST_HOST)";
				CODE_SIGN_STYLE = Automatic;
				INFOPLIST_FILE = XXXRunLabDemoTests/Info.plist;
				IPHONEOS_DEPLOYMENT_TARGET = 13.2;
				LD_RUNPATH_SEARCH_PATHS = (
					"$(inherited)",
					"@executable_path/Frameworks",
					"@loader_path/Frameworks",
				);
				PRODUCT_BUNDLE_IDENTIFIER = yf.XXXRunLabDemoTests;
				PRODUCT_NAME = "$(TARGET_NAME)";
				TARGETED_DEVICE_FAMILY = "1,2";
				TEST_HOST = "$(BUILT_PRODUCTS_DIR)/XXXRunLabDemo.app/XXXRunLabDemo";
			};
			name = Release;
		};
		19A20D832419E0FF00006777 /* Debug */ = {
			isa = XCBuildConfiguration;
			buildSettings = {
				CODE_SIGN_STYLE = Automatic;
				INFOPLIST_FILE = XXXRunLabDemoUITests/Info.plist;
				LD_RUNPATH_SEARCH_PATHS = (
					"$(inherited)",
					"@executable_path/Frameworks",
					"@loader_path/Frameworks",
				);
				PRODUCT_BUNDLE_IDENTIFIER = yf.XXXRunLabDemoUITests;
				PRODUCT_NAME = "$(TARGET_NAME)";
				TARGETED_DEVICE_FAMILY = "1,2";
				TEST_TARGET_NAME = XXXRunLabDemo;
			};
			name = Debug;
		};
		19A20D842419E0FF00006777 /* Release */ = {
			isa = XCBuildConfiguration;
			buildSettings = {
				CODE_SIGN_STYLE = Automatic;
				INFOPLIST_FILE = XXXRunLabDemoUITests/Info.plist;
				LD_RUNPATH_SEARCH_PATHS = (
					"$(inherited)",
					"@executable_path/Frameworks",
					"@loader_path/Frameworks",
				);
				PRODUCT_BUNDLE_IDENTIFIER = yf.XXXRunLabDemoUITests;
				PRODUCT_NAME = "$(TARGET_NAME)";
				TARGETED_DEVICE_FAMILY = "1,2";
				TEST_TARGET_NAME = XXXRunLabDemo;
			};
			name = Release;
		};
/* End XCBuildConfiguration section */

/* Begin XCConfigurationList section */
		19A20D482419E0FD00006777 /* Build configuration list for PBXProject "XXXRunLabDemo" */ = {
			isa = XCConfigurationList;
			buildConfigurations = (
				19A20D7A2419E0FF00006777 /* Debug */,
				19A20D7B2419E0FF00006777 /* Release */,
			);
			defaultConfigurationIsVisible = 0;
			defaultConfigurationName = Release;
		};
		19A20D7C2419E0FF00006777 /* Build configuration list for PBXNativeTarget "XXXRunLabDemo" */ = {
			isa = XCConfigurationList;
			buildConfigurations = (
				19A20D7D2419E0FF00006777 /* Debug */,
				19A20D7E2419E0FF00006777 /* Release */,
			);
			defaultConfigurationIsVisible = 0;
			defaultConfigurationName = Release;
		};
		19A20D7F2419E0FF00006777 /* Build configuration list for PBXNativeTarget "XXXRunLabDemoTests" */ = {
			isa = XCConfigurationList;
			buildConfigurations = (
				19A20D802419E0FF00006777 /* Debug */,
				19A20D812419E0FF00006777 /* Release */,
			);
			defaultConfigurationIsVisible = 0;
			defaultConfigurationName = Release;
		};
		19A20D822419E0FF00006777 /* Build configuration list for PBXNativeTarget "XXXRunLabDemoUITests" */ = {
			isa = XCConfigurationList;
			buildConfigurations = (
				19A20D832419E0FF00006777 /* Debug */,
				19A20D842419E0FF00006777 /* Release */,
			);
			defaultConfigurationIsVisible = 0;
			defaultConfigurationName = Release;
		};
/* End XCConfigurationList section */
	};
	rootObject = 19A20D452419E0FD00006777 /* Project object */;
}
